
Microsoft Visual Studio Solution File, Format Version 12.00
Project("{FAE04EC0-301F-11D3-BF4B-00C04F79EFBC}") = "Demo.Tests", "Demo.Tests\Demo.Tests.csproj", "{A5DD274C-5878-4EA7-904A-42BD0AF62F1C}"
EndProject
Project("{FAE04EC0-301F-11D3-BF4B-00C04F79EFBC}") = "Demo", "Demo\Demo.csproj", "{8042A977-A9AB-482B-AA85-9B7F09F5193E}"
EndProject
Project("{FAE04EC0-301F-11D3-BF4B-00C04F79EFBC}") = "Demo.UI", "Demo.UI\Demo.UI.csproj", "{A7C9232E-8E6C-4AC3-A601-935261740549}"
EndProject
Global
	GlobalSection(SolutionConfigurationPlatforms) = preSolution
		Debug|Any CPU = Debug|Any CPU
		Release|Any CPU = Release|Any CPU
	EndGlobalSection
	GlobalSection(ProjectConfigurationPlatforms) = postSolution
		{A5DD274C-5878-4EA7-904A-42BD0AF62F1C}.Debug|Any CPU.ActiveCfg = Debug|Any CPU
		{A5DD274C-5878-4EA7-904A-42BD0AF62F1C}.Debug|Any CPU.Build.0 = Debug|Any CPU
		{A5DD274C-5878-4EA7-904A-42BD0AF62F1C}.Release|Any CPU.ActiveCfg = Release|Any CPU
		{A5DD274C-5878-4EA7-904A-42BD0AF62F1C}.Release|Any CPU.Build.0 = Release|Any CPU
		{8042A977-A9AB-482B-AA85-9B7F09F5193E}.Debug|Any CPU.ActiveCfg = Debug|Any CPU
		{8042A977-A9AB-482B-AA85-9B7F09F5193E}.Debug|Any CPU.Build.0 = Debug|Any CPU
		{8042A977-A9AB-482B-AA85-9B7F09F5193E}.Release|Any CPU.ActiveCfg = Release|Any CPU
		{8042A977-A9AB-482B-AA85-9B7F09F5193E}.Release|Any CPU.Build.0 = Release|Any CPU
		{A7C9232E-8E6C-4AC3-A601-935261740549}.Debug|Any CPU.ActiveCfg = Debug|Any CPU
		{A7C9232E-8E6C-4AC3-A601-935261740549}.Debug|Any CPU.Build.0 = Debug|Any CPU
		{A7C9232E-8E6C-4AC3-A601-935261740549}.Release|Any CPU.ActiveCfg = Release|Any CPU
		{A7C9232E-8E6C-4AC3-A601-935261740549}.Release|Any CPU.Build.0 = Release|Any CPU
	EndGlobalSection
EndGlobal
